// !$*UTF8*$!
{
	archiveVersion = 1;
	classes = {
	};
	objectVersion = 46;
	objects = {

/* Begin PBXBuildFile section */
		4A0F9ABF939672C614422A6A /* libPods-GitHub App-iOS.a in Frameworks */ = {isa = PBXBuildFile; fileRef = ADB349F64B9A241B8CFF6A34 /* libPods-GitHub App-iOS.a */; };
		C51C33C41DBA263F004C45B2 /* main.m in Sources */ = {isa = PBXBuildFile; fileRef = C51C33C31DBA263F004C45B2 /* main.m */; };
		C51C33C71DBA263F004C45B2 /* AppDelegate.m in Sources */ = {isa = PBXBuildFile; fileRef = C51C33C61DBA263F004C45B2 /* AppDelegate.m */; };
		C51C33CA1DBA263F004C45B2 /* FirstViewController.m in Sources */ = {isa = PBXBuildFile; fileRef = C51C33C91DBA263F004C45B2 /* FirstViewController.m */; };
		C51C33CD1DBA263F004C45B2 /* SecondViewController.m in Sources */ = {isa = PBXBuildFile; fileRef = C51C33CC1DBA263F004C45B2 /* SecondViewController.m */; };
		C51C33D01DBA263F004C45B2 /* Main.storyboard in Resources */ = {isa = PBXBuildFile; fileRef = C51C33CE1DBA263F004C45B2 /* Main.storyboard */; };
		C51C33D21DBA2640004C45B2 /* Assets.xcassets in Resources */ = {isa = PBXBuildFile; fileRef = C51C33D11DBA2640004C45B2 /* Assets.xcassets */; };
		C51C33D51DBA2640004C45B2 /* LaunchScreen.storyboard in Resources */ = {isa = PBXBuildFile; fileRef = C51C33D31DBA2640004C45B2 /* LaunchScreen.storyboard */; };
		C51C33DE1DBA2793004C45B2 /* repo.png in Resources */ = {isa = PBXBuildFile; fileRef = C51C33DC1DBA2793004C45B2 /* repo.png */; };
		C51C33DF1DBA2793004C45B2 /* user.png in Resources */ = {isa = PBXBuildFile; fileRef = C51C33DD1DBA2793004C45B2 /* user.png */; };
/* End PBXBuildFile section */

/* Begin PBXFileReference section */
		070BF7FD82B4583FCAE51493 /* Pods-GitHub App-iOS.debug.xcconfig */ = {isa = PBXFileReference; includeInIndex = 1; lastKnownFileType = text.xcconfig; name = "Pods-GitHub App-iOS.debug.xcconfig"; path = "Pods/Target Support Files/Pods-GitHub App-iOS/Pods-GitHub App-iOS.debug.xcconfig"; sourceTree = "<group>"; };
		815450991F4703774BD103EE /* Pods-GitHub App-iOS.release.xcconfig */ = {isa = PBXFileReference; includeInIndex = 1; lastKnownFileType = text.xcconfig; name = "Pods-GitHub App-iOS.release.xcconfig"; path = "Pods/Target Support Files/Pods-GitHub App-iOS/Pods-GitHub App-iOS.release.xcconfig"; sourceTree = "<group>"; };
		ADB349F64B9A241B8CFF6A34 /* libPods-GitHub App-iOS.a */ = {isa = PBXFileReference; explicitFileType = archive.ar; includeInIndex = 0; path = "libPods-GitHub App-iOS.a"; sourceTree = BUILT_PRODUCTS_DIR; };
		C51C33BF1DBA263F004C45B2 /* GitHub App-iOS.app */ = {isa = PBXFileReference; explicitFileType = wrapper.application; includeInIndex = 0; path = "GitHub App-iOS.app"; sourceTree = BUILT_PRODUCTS_DIR; };
		C51C33C31DBA263F004C45B2 /* main.m */ = {isa = PBXFileReference; lastKnownFileType = sourcecode.c.objc; path = main.m; sourceTree = "<group>"; };
		C51C33C51DBA263F004C45B2 /* AppDelegate.h */ = {isa = PBXFileReference; lastKnownFileType = sourcecode.c.h; path = AppDelegate.h; sourceTree = "<group>"; };
		C51C33C61DBA263F004C45B2 /* AppDelegate.m */ = {isa = PBXFileReference; lastKnownFileType = sourcecode.c.objc; path = AppDelegate.m; sourceTree = "<group>"; };
		C51C33C81DBA263F004C45B2 /* FirstViewController.h */ = {isa = PBXFileReference; lastKnownFileType = sourcecode.c.h; path = FirstViewController.h; sourceTree = "<group>"; };
		C51C33C91DBA263F004C45B2 /* FirstViewController.m */ = {isa = PBXFileReference; lastKnownFileType = sourcecode.c.objc; path = FirstViewController.m; sourceTree = "<group>"; };
		C51C33CB1DBA263F004C45B2 /* SecondViewController.h */ = {isa = PBXFileReference; lastKnownFileType = sourcecode.c.h; path = SecondViewController.h; sourceTree = "<group>"; };
		C51C33CC1DBA263F004C45B2 /* SecondViewController.m */ = {isa = PBXFileReference; lastKnownFileType = sourcecode.c.objc; path = SecondViewController.m; sourceTree = "<group>"; };
		C51C33CF1DBA263F004C45B2 /* Base */ = {isa = PBXFileReference; lastKnownFileType = file.storyboard; name = Base; path = Base.lproj/Main.storyboard; sourceTree = "<group>"; };
		C51C33D11DBA2640004C45B2 /* Assets.xcassets */ = {isa = PBXFileReference; lastKnownFileType = folder.assetcatalog; path = Assets.xcassets; sourceTree = "<group>"; };
		C51C33D41DBA2640004C45B2 /* Base */ = {isa = PBXFileReference; lastKnownFileType = file.storyboard; name = Base; path = Base.lproj/LaunchScreen.storyboard; sourceTree = "<group>"; };
		C51C33D61DBA2640004C45B2 /* Info.plist */ = {isa = PBXFileReference; lastKnownFileType = text.plist.xml; path = Info.plist; sourceTree = "<group>"; };
		C51C33DC1DBA2793004C45B2 /* repo.png */ = {isa = PBXFileReference; lastKnownFileType = image.png; path = repo.png; sourceTree = "<group>"; };
		C51C33DD1DBA2793004C45B2 /* user.png */ = {isa = PBXFileReference; lastKnownFileType = image.png; path = user.png; sourceTree = "<group>"; };
		C51C33E01DBA2DA2004C45B2 /* Keys.h */ = {isa = PBXFileReference; lastKnownFileType = sourcecode.c.h; path = Keys.h; sourceTree = "<group>"; };
/* End PBXFileReference section */

/* Begin PBXFrameworksBuildPhase section */
		C51C33BC1DBA263F004C45B2 /* Frameworks */ = {
			isa = PBXFrameworksBuildPhase;
			buildActionMask = 2147483647;
			files = (
				4A0F9ABF939672C614422A6A /* libPods-GitHub App-iOS.a in Frameworks */,
			);
			runOnlyForDeploymentPostprocessing = 0;
		};
/* End PBXFrameworksBuildPhase section */

/* Begin PBXGroup section */
		9BBBF85DF939404B18F95F93 /* Frameworks */ = {
			isa = PBXGroup;
			children = (
				ADB349F64B9A241B8CFF6A34 /* libPods-GitHub App-iOS.a */,
			);
			name = Frameworks;
			sourceTree = "<group>";
		};
		C51C33B61DBA263E004C45B2 = {
			isa = PBXGroup;
			children = (
				C51C33C11DBA263F004C45B2 /* GitHub App-iOS */,
				C51C33C01DBA263F004C45B2 /* Products */,
				FF4E4F66A13CB54306F99CB5 /* Pods */,
				9BBBF85DF939404B18F95F93 /* Frameworks */,
			);
			sourceTree = "<group>";
		};
		C51C33C01DBA263F004C45B2 /* Products */ = {
			isa = PBXGroup;
			children = (
				C51C33BF1DBA263F004C45B2 /* GitHub App-iOS.app */,
			);
			name = Products;
			sourceTree = "<group>";
		};
		C51C33C11DBA263F004C45B2 /* GitHub App-iOS */ = {
			isa = PBXGroup;
			children = (
				C51C33DC1DBA2793004C45B2 /* repo.png */,
				C51C33DD1DBA2793004C45B2 /* user.png */,
				C51C33C51DBA263F004C45B2 /* AppDelegate.h */,
				C51C33C61DBA263F004C45B2 /* AppDelegate.m */,
				C51C33C81DBA263F004C45B2 /* FirstViewController.h */,
				C51C33C91DBA263F004C45B2 /* FirstViewController.m */,
				C51C33CB1DBA263F004C45B2 /* SecondViewController.h */,
				C51C33CC1DBA263F004C45B2 /* SecondViewController.m */,
				C51C33CE1DBA263F004C45B2 /* Main.storyboard */,
				C51C33D11DBA2640004C45B2 /* Assets.xcassets */,
				C51C33D31DBA2640004C45B2 /* LaunchScreen.storyboard */,
				C51C33D61DBA2640004C45B2 /* Info.plist */,
				C51C33C21DBA263F004C45B2 /* Supporting Files */,
				C51C33E01DBA2DA2004C45B2 /* Keys.h */,
			);
			path = "GitHub App-iOS";
			sourceTree = "<group>";
		};
		C51C33C21DBA263F004C45B2 /* Supporting Files */ = {
			isa = PBXGroup;
			children = (
				C51C33C31DBA263F004C45B2 /* main.m */,
			);
			name = "Supporting Files";
			sourceTree = "<group>";
		};
		FF4E4F66A13CB54306F99CB5 /* Pods */ = {
			isa = PBXGroup;
			children = (
				070BF7FD82B4583FCAE51493 /* Pods-GitHub App-iOS.debug.xcconfig */,
				815450991F4703774BD103EE /* Pods-GitHub App-iOS.release.xcconfig */,
			);
			name = Pods;
			sourceTree = "<group>";
		};
/* End PBXGroup section */

/* Begin PBXNativeTarget section */
		C51C33BE1DBA263F004C45B2 /* GitHub App-iOS */ = {
			isa = PBXNativeTarget;
			buildConfigurationList = C51C33D91DBA2640004C45B2 /* Build configuration list for PBXNativeTarget "GitHub App-iOS" */;
			buildPhases = (
				6406A9FF1E51745594CCB5D0 /* [CP] Check Pods Manifest.lock */,
				C51C33BB1DBA263F004C45B2 /* Sources */,
				C51C33BC1DBA263F004C45B2 /* Frameworks */,
				C51C33BD1DBA263F004C45B2 /* Resources */,
				E8066800609515488E1018EF /* [CP] Embed Pods Frameworks */,
				5F3BE69CAD0BD703DDE1A00A /* [CP] Copy Pods Resources */,
			);
			buildRules = (
			);
			dependencies = (
			);
			name = "GitHub App-iOS";
			productName = "GitHub App-iOS";
			productReference = C51C33BF1DBA263F004C45B2 /* GitHub App-iOS.app */;
			productType = "com.apple.product-type.application";
		};
/* End PBXNativeTarget section */

/* Begin PBXProject section */
		C51C33B71DBA263E004C45B2 /* Project object */ = {
			isa = PBXProject;
			attributes = {
				LastUpgradeCheck = 0730;
				ORGANIZATIONNAME = "Sanjith Kanagavel";
				TargetAttributes = {
					C51C33BE1DBA263F004C45B2 = {
						CreatedOnToolsVersion = 7.3.1;
					};
				};
			};
			buildConfigurationList = C51C33BA1DBA263E004C45B2 /* Build configuration list for PBXProject "GitHub App-iOS" */;
			compatibilityVersion = "Xcode 3.2";
			developmentRegion = English;
			hasScannedForEncodings = 0;
			knownRegions = (
				en,
				Base,
			);
			mainGroup = C51C33B61DBA263E004C45B2;
			productRefGroup = C51C33C01DBA263F004C45B2 /* Products */;
			projectDirPath = "";
			projectRoot = "";
			targets = (
				C51C33BE1DBA263F004C45B2 /* GitHub App-iOS */,
			);
		};
/* End PBXProject section */

/* Begin PBXResourcesBuildPhase section */
		C51C33BD1DBA263F004C45B2 /* Resources */ = {
			isa = PBXResourcesBuildPhase;
			buildActionMask = 2147483647;
			files = (
				C51C33D51DBA2640004C45B2 /* LaunchScreen.storyboard in Resources */,
				C51C33DF1DBA2793004C45B2 /* user.png in Resources */,
				C51C33DE1DBA2793004C45B2 /* repo.png in Resources */,
				C51C33D21DBA2640004C45B2 /* Assets.xcassets in Resources */,
				C51C33D01DBA263F004C45B2 /* Main.storyboard in Resources */,
			);
			runOnlyForDeploymentPostprocessing = 0;
		};
/* End PBXResourcesBuildPhase section */

/* Begin PBXShellScriptBuildPhase section */
		5F3BE69CAD0BD703DDE1A00A /* [CP] Copy Pods Resources */ = {
			isa = PBXShellScriptBuildPhase;
			buildActionMask = 2147483647;
			files = (
			);
			inputPaths = (
			);
			name = "[CP] Copy Pods Resources";
			outputPaths = (
			);
			runOnlyForDeploymentPostprocessing = 0;
			shellPath = /bin/sh;
			shellScript = "\"${SRCROOT}/Pods/Target Support Files/Pods-GitHub App-iOS/Pods-GitHub App-iOS-resources.sh\"\n";
			showEnvVarsInLog = 0;
		};
		6406A9FF1E51745594CCB5D0 /* [CP] Check Pods Manifest.lock */ = {
			isa = PBXShellScriptBuildPhase;
			buildActionMask = 2147483647;
			files = (
			);
			inputPaths = (
			);
			name = "[CP] Check Pods Manifest.lock";
			outputPaths = (
			);
			runOnlyForDeploymentPostprocessing = 0;
			shellPath = /bin/sh;
			shellScript = "diff \"${PODS_ROOT}/../Podfile.lock\" \"${PODS_ROOT}/Manifest.lock\" > /dev/null\nif [ $? != 0 ] ; then\n    # print error to STDERR\n    echo \"error: The sandbox is not in sync with the Podfile.lock. Run 'pod install' or update your CocoaPods installation.\" >&2\n    exit 1\nfi\n";
			showEnvVarsInLog = 0;
		};
		E8066800609515488E1018EF /* [CP] Embed Pods Frameworks */ = {
			isa = PBXShellScriptBuildPhase;
			buildActionMask = 2147483647;
			files = (
			);
			inputPaths = (
			);
			name = "[CP] Embed Pods Frameworks";
			outputPaths = (
			);
			runOnlyForDeploymentPostprocessing = 0;
			shellPath = /bin/sh;
			shellScript = "\"${SRCROOT}/Pods/Target Support Files/Pods-GitHub App-iOS/Pods-GitHub App-iOS-frameworks.sh\"\n";
			showEnvVarsInLog = 0;
		};
/* End PBXShellScriptBuildPhase section */

/* Begin PBXSourcesBuildPhase section */
		C51C33BB1DBA263F004C45B2 /* Sources */ = {
			isa = PBXSourcesBuildPhase;
			buildActionMask = 2147483647;
			files = (
				C51C33CD1DBA263F004C45B2 /* SecondViewController.m in Sources */,
				C51C33C71DBA263F004C45B2 /* AppDelegate.m in Sources */,
				C51C33CA1DBA263F004C45B2 /* FirstViewController.m in Sources */,
				C51C33C41DBA263F004C45B2 /* main.m in Sources */,
			);
			runOnlyForDeploymentPostprocessing = 0;
		};
/* End PBXSourcesBuildPhase section */

/* Begin PBXVariantGroup section */
		C51C33CE1DBA263F004C45B2 /* Main.storyboard */ = {
			isa = PBXVariantGroup;
			children = (
				C51C33CF1DBA263F004C45B2 /* Base */,
			);
			name = Main.storyboard;
			sourceTree = "<group>";
		};
		C51C33D31DBA2640004C45B2 /* LaunchScreen.storyboard */ = {
			isa = PBXVariantGroup;
			children = (
				C51C33D41DBA2640004C45B2 /* Base */,
			);
			name = LaunchScreen.storyboard;
			sourceTree = "<group>";
		};
/* End PBXVariantGroup section */

/* Begin XCBuildConfiguration section */
		C51C33D71DBA2640004C45B2 /* Debug */ = {
			isa = XCBuildConfiguration;
			buildSettings = {
				ALWAYS_SEARCH_USER_PATHS = NO;
				CLANG_ANALYZER_NONNULL = YES;
				CLANG_CXX_LANGUAGE_STANDARD = "gnu++0x";
				CLANG_CXX_LIBRARY = "libc++";
				CLANG_ENABLE_MODULES = YES;
				CLANG_ENABLE_OBJC_ARC = YES;
				CLANG_WARN_BOOL_CONVERSION = YES;
				CLANG_WARN_CONSTANT_CONVERSION = YES;
				CLANG_WARN_DIRECT_OBJC_ISA_USAGE = YES_ERROR;
				CLANG_WARN_EMPTY_BODY = YES;
				CLANG_WARN_ENUM_CONVERSION = YES;
				CLANG_WARN_INT_CONVERSION = YES;
				CLANG_WARN_OBJC_ROOT_CLASS = YES_ERROR;
				CLANG_WARN_UNREACHABLE_CODE = YES;
				CLANG_WARN__DUPLICATE_METHOD_MATCH = YES;
				"CODE_SIGN_IDENTITY[sdk=iphoneos*]" = "iPhone Developer";
				COPY_PHASE_STRIP = NO;
				DEBUG_INFORMATION_FORMAT = dwarf;
				ENABLE_STRICT_OBJC_MSGSEND = YES;
				ENABLE_TESTABILITY = YES;
				GCC_C_LANGUAGE_STANDARD = gnu99;
				GCC_DYNAMIC_NO_PIC = NO;
				GCC_NO_COMMON_BLOCKS = YES;
				GCC_OPTIMIZATION_LEVEL = 0;
				GCC_PREPROCESSOR_DEFINITIONS = (
					"DEBUG=1",
					"$(inherited)",
				);
				GCC_WARN_64_TO_32_BIT_CONVERSION = YES;
				GCC_WARN_ABOUT_RETURN_TYPE = YES_ERROR;
				GCC_WARN_UNDECLARED_SELECTOR = YES;
				GCC_WARN_UNINITIALIZED_AUTOS = YES_AGGRESSIVE;
				GCC_WARN_UNUSED_FUNCTION = YES;
				GCC_WARN_UNUSED_VARIABLE = YES;
				IPHONEOS_DEPLOYMENT_TARGET = 9.3;
				MTL_ENABLE_DEBUG_INFO = YES;
				ONLY_ACTIVE_ARCH = YES;
				SDKROOT = iphoneos;
				TARGETED_DEVICE_FAMILY = "1,2";
			};
			name = Debug;
		};
		C51C33D81DBA2640004C45B2 /* Release */ = {
			isa = XCBuildConfiguration;
			buildSettings = {
				ALWAYS_SEARCH_USER_PATHS = NO;
				CLANG_ANALYZER_NONNULL = YES;
				CLANG_CXX_LANGUAGE_STANDARD = "gnu++0x";
				CLANG_CXX_LIBRARY = "libc++";
				CLANG_ENABLE_MODULES = YES;
				CLANG_ENABLE_OBJC_ARC = YES;
				CLANG_WARN_BOOL_CONVERSION = YES;
				CLANG_WARN_CONSTANT_CONVERSION = YES;
				CLANG_WARN_DIRECT_OBJC_ISA_USAGE = YES_ERROR;
				CLANG_WARN_EMPTY_BODY = YES;
				CLANG_WARN_ENUM_CONVERSION = YES;
				CLANG_WARN_INT_CONVERSION = YES;
				CLANG_WARN_OBJC_ROOT_CLASS = YES_ERROR;
				CLANG_WARN_UNREACHABLE_CODE = YES;
				CLANG_WARN__DUPLICATE_METHOD_MATCH = YES;
				"CODE_SIGN_IDENTITY[sdk=iphoneos*]" = "iPhone Developer";
				COPY_PHASE_STRIP = NO;
				DEBUG_INFORMATION_FORMAT = "dwarf-with-dsym";
				ENABLE_NS_ASSERTIONS = NO;
				ENABLE_STRICT_OBJC_MSGSEND = YES;
				GCC_C_LANGUAGE_STANDARD = gnu99;
				GCC_NO_COMMON_BLOCKS = YES;
				GCC_WARN_64_TO_32_BIT_CONVERSION = YES;
				GCC_WARN_ABOUT_RETURN_TYPE = YES_ERROR;
				GCC_WARN_UNDECLARED_SELECTOR = YES;
				GCC_WARN_UNINITIALIZED_AUTOS = YES_AGGRESSIVE;
				GCC_WARN_UNUSED_FUNCTION = YES;
				GCC_WARN_UNUSED_VARIABLE = YES;
				IPHONEOS_DEPLOYMENT_TARGET = 9.3;
				MTL_ENABLE_DEBUG_INFO = NO;
				SDKROOT = iphoneos;
				TARGETED_DEVICE_FAMILY = "1,2";
				VALIDATE_PRODUCT = YES;
			};
			name = Release;
		};
		C51C33DA1DBA2640004C45B2 /* Debug */ = {
			isa = XCBuildConfiguration;
			baseConfigurationReference = 070BF7FD82B4583FCAE51493 /* Pods-GitHub App-iOS.debug.xcconfig */;
			buildSettings = {
				ASSETCATALOG_COMPILER_APPICON_NAME = AppIcon;
				INFOPLIST_FILE = "GitHub App-iOS/Info.plist";
				LD_RUNPATH_SEARCH_PATHS = "$(inherited) @executable_path/Frameworks";
				PRODUCT_BUNDLE_IDENTIFIER = "com.sanjithkanagavel.GitHub-App-iOS";
				PRODUCT_NAME = "$(TARGET_NAME)";
				TARGETED_DEVICE_FAMILY = 1;
			};
			name = Debug;
		};
		C51C33DB1DBA2640004C45B2 /* Release */ = {
			isa = XCBuildConfiguration;
			baseConfigurationReference = 815450991F4703774BD103EE /* Pods-GitHub App-iOS.release.xcconfig */;
			buildSettings = {
				ASSETCATALOG_COMPILER_APPICON_NAME = AppIcon;
				INFOPLIST_FILE = "GitHub App-iOS/Info.plist";
				LD_RUNPATH_SEARCH_PATHS = "$(inherited) @executable_path/Frameworks";
				PRODUCT_BUNDLE_IDENTIFIER = "com.sanjithkanagavel.GitHub-App-iOS";
				PRODUCT_NAME = "$(TARGET_NAME)";
				TARGETED_DEVICE_FAMILY = 1;
			};
			name = Release;
		};
/* End XCBuildConfiguration section */

/* Begin XCConfigurationList section */
		C51C33BA1DBA263E004C45B2 /* Build configuration list for PBXProject "GitHub App-iOS" */ = {
			isa = XCConfigurationList;
			buildConfigurations = (
				C51C33D71DBA2640004C45B2 /* Debug */,
				C51C33D81DBA2640004C45B2 /* Release */,
			);
			defaultConfigurationIsVisible = 0;
			defaultConfigurationName = Release;
		};
		C51C33D91DBA2640004C45B2 /* Build configuration list for PBXNativeTarget "GitHub App-iOS" */ = {
			isa = XCConfigurationList;
			buildConfigurations = (
				C51C33DA1DBA2640004C45B2 /* Debug */,
				C51C33DB1DBA2640004C45B2 /* Release */,
			);
			defaultConfigurationIsVisible = 0;
			defaultConfigurationName = Release;
		};
/* End XCConfigurationList section */
	};
	rootObject = C51C33B71DBA263E004C45B2 /* Project object */;
}
